
Microsoft Visual Studio Solution File, Format Version 12.00
# Visual Studio Version 16
VisualStudioVersion = 16.0.30907.101
MinimumVisualStudioVersion = 10.0.40219.1
Project("{FAE04EC0-301F-11D3-BF4B-00C04F79EFBC}") = "ConsoleAppLaba", "ConsoleAppLaba\ConsoleAppLaba.csproj", "{0C540384-E213-44A8-BE7D-E011204B14D2}"
EndProject
Global
	GlobalSection(SolutionConfigurationPlatforms) = preSolution
		Debug|Any CPU = Debug|Any CPU
		Release|Any CPU = Release|Any CPU
	EndGlobalSection
	GlobalSection(ProjectConfigurationPlatforms) = postSolution
		{0C540384-E213-44A8-BE7D-E011204B14D2}.Debug|Any CPU.ActiveCfg = Debug|Any CPU
		{0C540384-E213-44A8-BE7D-E011204B14D2}.Debug|Any CPU.Build.0 = Debug|Any CPU
		{0C540384-E213-44A8-BE7D-E011204B14D2}.Release|Any CPU.ActiveCfg = Release|Any CPU
		{0C540384-E213-44A8-BE7D-E011204B14D2}.Release|Any CPU.Build.0 = Release|Any CPU
	EndGlobalSection
	GlobalSection(SolutionProperties) = preSolution
		HideSolutionNode = FALSE
	EndGlobalSection
	GlobalSection(ExtensibilityGlobals) = postSolution
		SolutionGuid = {80ABB56F-5A77-4E97-930E-25111C2A4939}
	EndGlobalSection
EndGlobal
